// !$*UTF8*$!
{
	archiveVersion = 1;
	classes = {
	};
	objectVersion = 50;
	objects = {

/* Begin PBXBuildFile section */
		C900D09F217CBF0F00E645A6 /* UIWindow+rootViewController.swift in Sources */ = {isa = PBXBuildFile; fileRef = C900D09E217CBF0F00E645A6 /* UIWindow+rootViewController.swift */; };
		C9030B2521794549001BDD69 /* JSHeadersTableViewController.swift in Sources */ = {isa = PBXBuildFile; fileRef = C9030B2421794549001BDD69 /* JSHeadersTableViewController.swift */; };
		C9030B84217BA6C8001BDD69 /* GCDWebServers.framework in Frameworks */ = {isa = PBXBuildFile; fileRef = C9030B7F217BA6B7001BDD69 /* GCDWebServers.framework */; };
		C9030B85217BA6C8001BDD69 /* GCDWebServers.framework in Embed Frameworks */ = {isa = PBXBuildFile; fileRef = C9030B7F217BA6B7001BDD69 /* GCDWebServers.framework */; settings = {ATTRIBUTES = (CodeSignOnCopy, RemoveHeadersOnCopy, ); }; };
		C9030B89217BB5FC001BDD69 /* index.md in Resources */ = {isa = PBXBuildFile; fileRef = C9030B88217BA715001BDD69 /* index.md */; };
		C9030B8B217BC34E001BDD69 /* WebServerManager.swift in Sources */ = {isa = PBXBuildFile; fileRef = C9030B8A217BC34E001BDD69 /* WebServerManager.swift */; };
		C906D38A2222BFA300318ADF /* Storage.swift in Sources */ = {isa = PBXBuildFile; fileRef = C906D36C2222BFA200318ADF /* Storage.swift */; };
		C906D38B2222BFA300318ADF /* UniversalTypes.swift in Sources */ = {isa = PBXBuildFile; fileRef = C906D36D2222BFA200318ADF /* UniversalTypes.swift */; };
		C906D38D2222BFA300318ADF /* Element.swift in Sources */ = {isa = PBXBuildFile; fileRef = C906D36F2222BFA200318ADF /* Element.swift */; };
		C906D38E2222BFA300318ADF /* Notepad-iOS.swift in Sources */ = {isa = PBXBuildFile; fileRef = C906D3702222BFA200318ADF /* Notepad-iOS.swift */; };
		C906D38F2222BFA300318ADF /* Extensions.swift in Sources */ = {isa = PBXBuildFile; fileRef = C906D3712222BFA200318ADF /* Extensions.swift */; };
		C906D3902222BFA300318ADF /* Notepad-macOS.swift in Sources */ = {isa = PBXBuildFile; fileRef = C906D3722222BFA200318ADF /* Notepad-macOS.swift */; };
		C906D3912222BFA300318ADF /* Style.swift in Sources */ = {isa = PBXBuildFile; fileRef = C906D3732222BFA200318ADF /* Style.swift */; };
		C906D3922222BFA300318ADF /* Theme.swift in Sources */ = {isa = PBXBuildFile; fileRef = C906D3752222BFA200318ADF /* Theme.swift */; };
		C906D39E2222C55C00318ADF /* themes in Resources */ = {isa = PBXBuildFile; fileRef = C906D39D2222C55C00318ADF /* themes */; };
		C93634D021BC6EEA00785AC8 /* langs.plist in Resources */ = {isa = PBXBuildFile; fileRef = C93634C621BC6EEA00785AC8 /* langs.plist */; };
		C943BD7722273F73007860A8 /* MathJax in Resources */ = {isa = PBXBuildFile; fileRef = C943BD6D22273F73007860A8 /* MathJax */; };
		C94538A622270F2C0060DC66 /* SettingsManager.swift in Sources */ = {isa = PBXBuildFile; fileRef = C94538A522270F2C0060DC66 /* SettingsManager.swift */; };
		C987DCEC2175363E00889300 /* ParseMarkdown.swift in Sources */ = {isa = PBXBuildFile; fileRef = C987DCEB2175363E00889300 /* ParseMarkdown.swift */; };
		C9C552C32175621B00F43B34 /* Settings.bundle in Resources */ = {isa = PBXBuildFile; fileRef = C9C552C22175621B00F43B34 /* Settings.bundle */; };
		C9EF7DE7217502E40055DFDF /* HeadersTableViewController.swift in Sources */ = {isa = PBXBuildFile; fileRef = C9EF7DE6217502E40055DFDF /* HeadersTableViewController.swift */; };
		C9EF7DEC217512190055DFDF /* String+ranges.swift in Sources */ = {isa = PBXBuildFile; fileRef = C9EF7DEB217512190055DFDF /* String+ranges.swift */; };
		C9EF7DF0217518060055DFDF /* NSRange+toTextRange.swift in Sources */ = {isa = PBXBuildFile; fileRef = C9EF7DEF217518060055DFDF /* NSRange+toTextRange.swift */; };
		C9EF7DF22175209B0055DFDF /* UIViewController+presentError.swift in Sources */ = {isa = PBXBuildFile; fileRef = C9EF7DF12175209B0055DFDF /* UIViewController+presentError.swift */; };
		C9F04E9A2173EDFA00BDD03E /* AppDelegate.swift in Sources */ = {isa = PBXBuildFile; fileRef = C9F04E992173EDFA00BDD03E /* AppDelegate.swift */; };
		C9F04E9C2173EDFA00BDD03E /* DocumentBrowserViewController.swift in Sources */ = {isa = PBXBuildFile; fileRef = C9F04E9B2173EDFA00BDD03E /* DocumentBrowserViewController.swift */; };
		C9F04E9E2173EDFA00BDD03E /* DocumentViewController.swift in Sources */ = {isa = PBXBuildFile; fileRef = C9F04E9D2173EDFA00BDD03E /* DocumentViewController.swift */; };
		C9F04EA02173EDFA00BDD03E /* Document.swift in Sources */ = {isa = PBXBuildFile; fileRef = C9F04E9F2173EDFA00BDD03E /* Document.swift */; };
		C9F04EA32173EDFA00BDD03E /* Main.storyboard in Resources */ = {isa = PBXBuildFile; fileRef = C9F04EA12173EDFA00BDD03E /* Main.storyboard */; };
		C9F04EA52173EDFC00BDD03E /* Assets.xcassets in Resources */ = {isa = PBXBuildFile; fileRef = C9F04EA42173EDFC00BDD03E /* Assets.xcassets */; };
		C9F04EA82173EDFC00BDD03E /* LaunchScreen.storyboard in Resources */ = {isa = PBXBuildFile; fileRef = C9F04EA62173EDFC00BDD03E /* LaunchScreen.storyboard */; };
		C9F04ED02173F8E500BDD03E /* Down.framework in Frameworks */ = {isa = PBXBuildFile; fileRef = C9F04EB72173F43600BDD03E /* Down.framework */; };
		C9F04ED12173F8E500BDD03E /* Down.framework in Embed Frameworks */ = {isa = PBXBuildFile; fileRef = C9F04EB72173F43600BDD03E /* Down.framework */; settings = {ATTRIBUTES = (CodeSignOnCopy, RemoveHeadersOnCopy, ); }; };
		C9F04F0A2174E18C00BDD03E /* Highlightr.framework in Frameworks */ = {isa = PBXBuildFile; fileRef = C9F04F072174E18000BDD03E /* Highlightr.framework */; };
		C9F04F0B2174E18C00BDD03E /* Highlightr.framework in Embed Frameworks */ = {isa = PBXBuildFile; fileRef = C9F04F072174E18000BDD03E /* Highlightr.framework */; settings = {ATTRIBUTES = (CodeSignOnCopy, RemoveHeadersOnCopy, ); }; };
		C9F04F0F2174E66800BDD03E /* body.html in Resources */ = {isa = PBXBuildFile; fileRef = C9F04F0E2174E66800BDD03E /* body.html */; };
		C9F04F112174E92900BDD03E /* TemplateChooserViewController.swift in Sources */ = {isa = PBXBuildFile; fileRef = C9F04F102174E92900BDD03E /* TemplateChooserViewController.swift */; };
		C9F04F132174EAA900BDD03E /* Templates.plist in Resources */ = {isa = PBXBuildFile; fileRef = C9F04F122174EAA900BDD03E /* Templates.plist */; };
		C9F04F192174EAF900BDD03E /* Templates in Resources */ = {isa = PBXBuildFile; fileRef = C9F04F182174EAF900BDD03E /* Templates */; };
/* End PBXBuildFile section */

/* Begin PBXContainerItemProxy section */
		C9030B76217BA6B7001BDD69 /* PBXContainerItemProxy */ = {
			isa = PBXContainerItemProxy;
			containerPortal = C9030B6B217BA6B6001BDD69 /* GCDWebServer.xcodeproj */;
			proxyType = 2;
			remoteGlobalIDString = 8DD76FB20486AB0100D96B5E;
			remoteInfo = "GCDWebServer (Mac)";
		};
		C9030B78217BA6B7001BDD69 /* PBXContainerItemProxy */ = {
			isa = PBXContainerItemProxy;
			containerPortal = C9030B6B217BA6B6001BDD69 /* GCDWebServer.xcodeproj */;
			proxyType = 2;
			remoteGlobalIDString = E2DDD1F61BE69EE4002CE867;
			remoteInfo = "GCDWebServer (iOS)";
		};
		C9030B7A217BA6B7001BDD69 /* PBXContainerItemProxy */ = {
			isa = PBXContainerItemProxy;
			containerPortal = C9030B6B217BA6B6001BDD69 /* GCDWebServer.xcodeproj */;
			proxyType = 2;
			remoteGlobalIDString = E2DDD1C71BE698A8002CE867;
			remoteInfo = "GCDWebServer (tvOS)";
		};
		C9030B7C217BA6B7001BDD69 /* PBXContainerItemProxy */ = {
			isa = PBXContainerItemProxy;
			containerPortal = C9030B6B217BA6B6001BDD69 /* GCDWebServer.xcodeproj */;
			proxyType = 2;
			remoteGlobalIDString = CEE28CD11AE004D800F4023C;
			remoteInfo = "GCDWebServers (Mac)";
		};
		C9030B7E217BA6B7001BDD69 /* PBXContainerItemProxy */ = {
			isa = PBXContainerItemProxy;
			containerPortal = C9030B6B217BA6B6001BDD69 /* GCDWebServer.xcodeproj */;
			proxyType = 2;
			remoteGlobalIDString = CEE28CEF1AE0051F00F4023C;
			remoteInfo = "GCDWebServers (iOS)";
		};
		C9030B80217BA6B7001BDD69 /* PBXContainerItemProxy */ = {
			isa = PBXContainerItemProxy;
			containerPortal = C9030B6B217BA6B6001BDD69 /* GCDWebServer.xcodeproj */;
			proxyType = 2;
			remoteGlobalIDString = E2DDD18B1BE69404002CE867;
			remoteInfo = "GCDWebServers (tvOS)";
		};
		C9030B82217BA6B7001BDD69 /* PBXContainerItemProxy */ = {
			isa = PBXContainerItemProxy;
			containerPortal = C9030B6B217BA6B6001BDD69 /* GCDWebServer.xcodeproj */;
			proxyType = 2;
			remoteGlobalIDString = E24039251BA09207000B7089;
			remoteInfo = "Tests (Mac)";
		};
		C9030B86217BA6C8001BDD69 /* PBXContainerItemProxy */ = {
			isa = PBXContainerItemProxy;
			containerPortal = C9030B6B217BA6B6001BDD69 /* GCDWebServer.xcodeproj */;
			proxyType = 1;
			remoteGlobalIDString = CEE28CEE1AE0051F00F4023C;
			remoteInfo = "GCDWebServers (iOS)";
		};
		C9F04EB62173F43600BDD03E /* PBXContainerItemProxy */ = {
			isa = PBXContainerItemProxy;
			containerPortal = C9F04EB12173F43600BDD03E /* Down.xcodeproj */;
			proxyType = 2;
			remoteGlobalIDString = 8A569F401E6B3E50008BE2AC;
			remoteInfo = Down;
		};
		C9F04EB82173F43600BDD03E /* PBXContainerItemProxy */ = {
			isa = PBXContainerItemProxy;
			containerPortal = C9F04EB12173F43600BDD03E /* Down.xcodeproj */;
			proxyType = 2;
			remoteGlobalIDString = 8AFAEAFB1E6E32E900E09B68;
			remoteInfo = DownTests;
		};
		C9F04ED22173F8E500BDD03E /* PBXContainerItemProxy */ = {
			isa = PBXContainerItemProxy;
			containerPortal = C9F04EB12173F43600BDD03E /* Down.xcodeproj */;
			proxyType = 1;
			remoteGlobalIDString = 8A569F3F1E6B3E50008BE2AC;
			remoteInfo = Down;
		};
		C9F04F062174E18000BDD03E /* PBXContainerItemProxy */ = {
			isa = PBXContainerItemProxy;
			containerPortal = C9F04F012174E17F00BDD03E /* Highlightr.xcodeproj */;
			proxyType = 2;
			remoteGlobalIDString = 8C2FB1C21F39118F00469D0D;
			remoteInfo = "Highlightr-iOS";
		};
		C9F04F082174E18000BDD03E /* PBXContainerItemProxy */ = {
			isa = PBXContainerItemProxy;
			containerPortal = C9F04F012174E17F00BDD03E /* Highlightr.xcodeproj */;
			proxyType = 2;
			remoteGlobalIDString = 8CD1AE161F391713000FDA02;
			remoteInfo = "Highlightr-macOS";
		};
		C9F04F0C2174E18C00BDD03E /* PBXContainerItemProxy */ = {
			isa = PBXContainerItemProxy;
			containerPortal = C9F04F012174E17F00BDD03E /* Highlightr.xcodeproj */;
			proxyType = 1;
			remoteGlobalIDString = 8C2FB1C11F39118F00469D0D;
			remoteInfo = "Highlightr-iOS";
		};
/* End PBXContainerItemProxy section */

/* Begin PBXCopyFilesBuildPhase section */
		C9F04ECB2173F8D100BDD03E /* Embed Frameworks */ = {
			isa = PBXCopyFilesBuildPhase;
			buildActionMask = 2147483647;
			dstPath = "";
			dstSubfolderSpec = 10;
			files = (
				C9030B85217BA6C8001BDD69 /* GCDWebServers.framework in Embed Frameworks */,
				C9F04F0B2174E18C00BDD03E /* Highlightr.framework in Embed Frameworks */,
				C9F04ED12173F8E500BDD03E /* Down.framework in Embed Frameworks */,
			);
			name = "Embed Frameworks";
			runOnlyForDeploymentPostprocessing = 0;
		};
/* End PBXCopyFilesBuildPhase section */

/* Begin PBXFileReference section */
		C900D09E217CBF0F00E645A6 /* UIWindow+rootViewController.swift */ = {isa = PBXFileReference; lastKnownFileType = sourcecode.swift; path = "UIWindow+rootViewController.swift"; sourceTree = "<group>"; };
		C9030B2421794549001BDD69 /* JSHeadersTableViewController.swift */ = {isa = PBXFileReference; lastKnownFileType = sourcecode.swift; path = JSHeadersTableViewController.swift; sourceTree = "<group>"; };
		C9030B6B217BA6B6001BDD69 /* GCDWebServer.xcodeproj */ = {isa = PBXFileReference; lastKnownFileType = "wrapper.pb-project"; name = GCDWebServer.xcodeproj; path = GCDWebServer/GCDWebServer.xcodeproj; sourceTree = "<group>"; };
		C9030B88217BA715001BDD69 /* index.md */ = {isa = PBXFileReference; lastKnownFileType = net.daringfireball.markdown; path = index.md; sourceTree = "<group>"; };
		C9030B8A217BC34E001BDD69 /* WebServerManager.swift */ = {isa = PBXFileReference; lastKnownFileType = sourcecode.swift; path = WebServerManager.swift; sourceTree = "<group>"; };
		C906D36C2222BFA200318ADF /* Storage.swift */ = {isa = PBXFileReference; fileEncoding = 4; lastKnownFileType = sourcecode.swift; path = Storage.swift; sourceTree = "<group>"; };
		C906D36D2222BFA200318ADF /* UniversalTypes.swift */ = {isa = PBXFileReference; fileEncoding = 4; lastKnownFileType = sourcecode.swift; path = UniversalTypes.swift; sourceTree = "<group>"; };
		C906D36E2222BFA200318ADF /* Notepad.m */ = {isa = PBXFileReference; fileEncoding = 4; lastKnownFileType = sourcecode.c.objc; path = Notepad.m; sourceTree = "<group>"; };
		C906D36F2222BFA200318ADF /* Element.swift */ = {isa = PBXFileReference; fileEncoding = 4; lastKnownFileType = sourcecode.swift; path = Element.swift; sourceTree = "<group>"; };
		C906D3702222BFA200318ADF /* Notepad-iOS.swift */ = {isa = PBXFileReference; fileEncoding = 4; lastKnownFileType = sourcecode.swift; path = "Notepad-iOS.swift"; sourceTree = "<group>"; };
		C906D3712222BFA200318ADF /* Extensions.swift */ = {isa = PBXFileReference; fileEncoding = 4; lastKnownFileType = sourcecode.swift; path = Extensions.swift; sourceTree = "<group>"; };
		C906D3722222BFA200318ADF /* Notepad-macOS.swift */ = {isa = PBXFileReference; fileEncoding = 4; lastKnownFileType = sourcecode.swift; path = "Notepad-macOS.swift"; sourceTree = "<group>"; };
		C906D3732222BFA200318ADF /* Style.swift */ = {isa = PBXFileReference; fileEncoding = 4; lastKnownFileType = sourcecode.swift; path = Style.swift; sourceTree = "<group>"; };
		C906D3742222BFA200318ADF /* Notepad.h */ = {isa = PBXFileReference; fileEncoding = 4; lastKnownFileType = sourcecode.c.h; path = Notepad.h; sourceTree = "<group>"; };
		C906D3752222BFA200318ADF /* Theme.swift */ = {isa = PBXFileReference; fileEncoding = 4; lastKnownFileType = sourcecode.swift; path = Theme.swift; sourceTree = "<group>"; };
		C906D3802222BFA200318ADF /* Info.plist */ = {isa = PBXFileReference; fileEncoding = 4; lastKnownFileType = text.plist.xml; path = Info.plist; sourceTree = "<group>"; };
		C906D39D2222C55C00318ADF /* themes */ = {isa = PBXFileReference; lastKnownFileType = folder; path = themes; sourceTree = "<group>"; };
		C93634C621BC6EEA00785AC8 /* langs.plist */ = {isa = PBXFileReference; fileEncoding = 4; lastKnownFileType = text.plist.xml; path = langs.plist; sourceTree = "<group>"; };
		C943BD6D22273F73007860A8 /* MathJax */ = {isa = PBXFileReference; lastKnownFileType = folder; path = MathJax; sourceTree = "<group>"; };
		C94538A522270F2C0060DC66 /* SettingsManager.swift */ = {isa = PBXFileReference; lastKnownFileType = sourcecode.swift; path = SettingsManager.swift; sourceTree = "<group>"; };
		C987DCEB2175363E00889300 /* ParseMarkdown.swift */ = {isa = PBXFileReference; lastKnownFileType = sourcecode.swift; path = ParseMarkdown.swift; sourceTree = "<group>"; };
		C9C552C22175621B00F43B34 /* Settings.bundle */ = {isa = PBXFileReference; lastKnownFileType = "wrapper.plug-in"; path = Settings.bundle; sourceTree = "<group>"; };
		C9EF7DE6217502E40055DFDF /* HeadersTableViewController.swift */ = {isa = PBXFileReference; lastKnownFileType = sourcecode.swift; path = HeadersTableViewController.swift; sourceTree = "<group>"; };
		C9EF7DEB217512190055DFDF /* String+ranges.swift */ = {isa = PBXFileReference; lastKnownFileType = sourcecode.swift; path = "String+ranges.swift"; sourceTree = "<group>"; };
		C9EF7DEF217518060055DFDF /* NSRange+toTextRange.swift */ = {isa = PBXFileReference; lastKnownFileType = sourcecode.swift; path = "NSRange+toTextRange.swift"; sourceTree = "<group>"; };
		C9EF7DF12175209B0055DFDF /* UIViewController+presentError.swift */ = {isa = PBXFileReference; lastKnownFileType = sourcecode.swift; path = "UIViewController+presentError.swift"; sourceTree = "<group>"; };
		C9F04E962173EDFA00BDD03E /* Edidown.app */ = {isa = PBXFileReference; explicitFileType = wrapper.application; includeInIndex = 0; path = Edidown.app; sourceTree = BUILT_PRODUCTS_DIR; };
		C9F04E992173EDFA00BDD03E /* AppDelegate.swift */ = {isa = PBXFileReference; lastKnownFileType = sourcecode.swift; path = AppDelegate.swift; sourceTree = "<group>"; };
		C9F04E9B2173EDFA00BDD03E /* DocumentBrowserViewController.swift */ = {isa = PBXFileReference; lastKnownFileType = sourcecode.swift; path = DocumentBrowserViewController.swift; sourceTree = "<group>"; };
		C9F04E9D2173EDFA00BDD03E /* DocumentViewController.swift */ = {isa = PBXFileReference; lastKnownFileType = sourcecode.swift; path = DocumentViewController.swift; sourceTree = "<group>"; };
		C9F04E9F2173EDFA00BDD03E /* Document.swift */ = {isa = PBXFileReference; lastKnownFileType = sourcecode.swift; path = Document.swift; sourceTree = "<group>"; };
		C9F04EA22173EDFA00BDD03E /* Base */ = {isa = PBXFileReference; lastKnownFileType = file.storyboard; name = Base; path = Base.lproj/Main.storyboard; sourceTree = "<group>"; };
		C9F04EA42173EDFC00BDD03E /* Assets.xcassets */ = {isa = PBXFileReference; lastKnownFileType = folder.assetcatalog; path = Assets.xcassets; sourceTree = "<group>"; };
		C9F04EA72173EDFC00BDD03E /* Base */ = {isa = PBXFileReference; lastKnownFileType = file.storyboard; name = Base; path = Base.lproj/LaunchScreen.storyboard; sourceTree = "<group>"; };
		C9F04EA92173EDFC00BDD03E /* Info.plist */ = {isa = PBXFileReference; lastKnownFileType = text.plist.xml; path = Info.plist; sourceTree = "<group>"; };
		C9F04EB12173F43600BDD03E /* Down.xcodeproj */ = {isa = PBXFileReference; lastKnownFileType = "wrapper.pb-project"; name = Down.xcodeproj; path = Down/Down.xcodeproj; sourceTree = "<group>"; };
		C9F04F012174E17F00BDD03E /* Highlightr.xcodeproj */ = {isa = PBXFileReference; lastKnownFileType = "wrapper.pb-project"; name = Highlightr.xcodeproj; path = Highlightr/Highlightr.xcodeproj; sourceTree = "<group>"; };
		C9F04F0E2174E66800BDD03E /* body.html */ = {isa = PBXFileReference; lastKnownFileType = text.html; path = body.html; sourceTree = "<group>"; };
		C9F04F102174E92900BDD03E /* TemplateChooserViewController.swift */ = {isa = PBXFileReference; lastKnownFileType = sourcecode.swift; path = TemplateChooserViewController.swift; sourceTree = "<group>"; };
		C9F04F122174EAA900BDD03E /* Templates.plist */ = {isa = PBXFileReference; lastKnownFileType = text.plist.xml; path = Templates.plist; sourceTree = "<group>"; };
		C9F04F182174EAF900BDD03E /* Templates */ = {isa = PBXFileReference; lastKnownFileType = folder; path = Templates; sourceTree = "<group>"; };
/* End PBXFileReference section */

/* Begin PBXFrameworksBuildPhase section */
		C9F04E932173EDFA00BDD03E /* Frameworks */ = {
			isa = PBXFrameworksBuildPhase;
			buildActionMask = 2147483647;
			files = (
				C9030B84217BA6C8001BDD69 /* GCDWebServers.framework in Frameworks */,
				C9F04F0A2174E18C00BDD03E /* Highlightr.framework in Frameworks */,
				C9F04ED02173F8E500BDD03E /* Down.framework in Frameworks */,
			);
			runOnlyForDeploymentPostprocessing = 0;
		};
/* End PBXFrameworksBuildPhase section */

/* Begin PBXGroup section */
		C9030B6C217BA6B6001BDD69 /* Products */ = {
			isa = PBXGroup;
			children = (
				C9030B77217BA6B7001BDD69 /* GCDWebServer */,
				C9030B79217BA6B7001BDD69 /* GCDWebServer.app */,
				C9030B7B217BA6B7001BDD69 /* GCDWebServer.app */,
				C9030B7D217BA6B7001BDD69 /* GCDWebServers.framework */,
				C9030B7F217BA6B7001BDD69 /* GCDWebServers.framework */,
				C9030B81217BA6B7001BDD69 /* GCDWebServers.framework */,
				C9030B83217BA6B7001BDD69 /* Tests.xctest */,
			);
			name = Products;
			sourceTree = "<group>";
		};
		C906D36B2222BFA200318ADF /* Notepad */ = {
			isa = PBXGroup;
			children = (
				C906D36C2222BFA200318ADF /* Storage.swift */,
				C906D36D2222BFA200318ADF /* UniversalTypes.swift */,
				C906D36E2222BFA200318ADF /* Notepad.m */,
				C906D36F2222BFA200318ADF /* Element.swift */,
				C906D3702222BFA200318ADF /* Notepad-iOS.swift */,
				C906D3712222BFA200318ADF /* Extensions.swift */,
				C906D3722222BFA200318ADF /* Notepad-macOS.swift */,
				C906D3732222BFA200318ADF /* Style.swift */,
				C906D3742222BFA200318ADF /* Notepad.h */,
				C906D3752222BFA200318ADF /* Theme.swift */,
				C906D39D2222C55C00318ADF /* themes */,
				C906D3802222BFA200318ADF /* Info.plist */,
			);
			name = Notepad;
			path = Notepad/Notepad;
			sourceTree = "<group>";
		};
		C987DCE6217531A700889300 /* View controllers */ = {
			isa = PBXGroup;
			children = (
				C9F04E9B2173EDFA00BDD03E /* DocumentBrowserViewController.swift */,
				C9F04E9D2173EDFA00BDD03E /* DocumentViewController.swift */,
				C9EF7DE6217502E40055DFDF /* HeadersTableViewController.swift */,
				C9030B2421794549001BDD69 /* JSHeadersTableViewController.swift */,
				C9F04F102174E92900BDD03E /* TemplateChooserViewController.swift */,
			);
			path = "View controllers";
			sourceTree = "<group>";
		};
		C987DCE9217531C300889300 /* Extensions */ = {
			isa = PBXGroup;
			children = (
				C9EF7DEB217512190055DFDF /* String+ranges.swift */,
				C9EF7DEF217518060055DFDF /* NSRange+toTextRange.swift */,
				C9EF7DF12175209B0055DFDF /* UIViewController+presentError.swift */,
				C900D09E217CBF0F00E645A6 /* UIWindow+rootViewController.swift */,
			);
			path = Extensions;
			sourceTree = "<group>";
		};
		C987DCEA217531D700889300 /* Resources */ = {
			isa = PBXGroup;
			children = (
				C93634C621BC6EEA00785AC8 /* langs.plist */,
				C9F04F0E2174E66800BDD03E /* body.html */,
				C9030B88217BA715001BDD69 /* index.md */,
				C9F04EA12173EDFA00BDD03E /* Main.storyboard */,
				C9F04EA42173EDFC00BDD03E /* Assets.xcassets */,
				C9F04EA62173EDFC00BDD03E /* LaunchScreen.storyboard */,
				C9F04EA92173EDFC00BDD03E /* Info.plist */,
				C943BD6D22273F73007860A8 /* MathJax */,
				C9F04F182174EAF900BDD03E /* Templates */,
				C9F04F122174EAA900BDD03E /* Templates.plist */,
			);
			name = Resources;
			sourceTree = "<group>";
		};
		C9F04E8D2173EDFA00BDD03E = {
			isa = PBXGroup;
			children = (
				C9C552C22175621B00F43B34 /* Settings.bundle */,
				C9030B6B217BA6B6001BDD69 /* GCDWebServer.xcodeproj */,
				C9F04F012174E17F00BDD03E /* Highlightr.xcodeproj */,
				C9F04EB12173F43600BDD03E /* Down.xcodeproj */,
				C906D36B2222BFA200318ADF /* Notepad */,
				C9F04E982173EDFA00BDD03E /* Edidown */,
				C9F04E972173EDFA00BDD03E /* Products */,
			);
			sourceTree = "<group>";
		};
		C9F04E972173EDFA00BDD03E /* Products */ = {
			isa = PBXGroup;
			children = (
				C9F04E962173EDFA00BDD03E /* Edidown.app */,
			);
			name = Products;
			sourceTree = "<group>";
		};
		C9F04E982173EDFA00BDD03E /* Edidown */ = {
			isa = PBXGroup;
			children = (
				C9F04E992173EDFA00BDD03E /* AppDelegate.swift */,
				C987DCE6217531A700889300 /* View controllers */,
				C987DCE9217531C300889300 /* Extensions */,
				C9F04E9F2173EDFA00BDD03E /* Document.swift */,
				C987DCEB2175363E00889300 /* ParseMarkdown.swift */,
				C9030B8A217BC34E001BDD69 /* WebServerManager.swift */,
				C94538A522270F2C0060DC66 /* SettingsManager.swift */,
				C987DCEA217531D700889300 /* Resources */,
			);
			path = Edidown;
			sourceTree = "<group>";
		};
		C9F04EB22173F43600BDD03E /* Products */ = {
			isa = PBXGroup;
			children = (
				C9F04EB72173F43600BDD03E /* Down.framework */,
				C9F04EB92173F43600BDD03E /* DownTests.xctest */,
			);
			name = Products;
			sourceTree = "<group>";
		};
		C9F04F022174E17F00BDD03E /* Products */ = {
			isa = PBXGroup;
			children = (
				C9F04F072174E18000BDD03E /* Highlightr.framework */,
				C9F04F092174E18000BDD03E /* Highlightr.framework */,
			);
			name = Products;
			sourceTree = "<group>";
		};
/* End PBXGroup section */

/* Begin PBXNativeTarget section */
		C9F04E952173EDFA00BDD03E /* Edidown */ = {
			isa = PBXNativeTarget;
			buildConfigurationList = C9F04EAC2173EDFC00BDD03E /* Build configuration list for PBXNativeTarget "Edidown" */;
			buildPhases = (
				C9F04E922173EDFA00BDD03E /* Sources */,
				C9F04E932173EDFA00BDD03E /* Frameworks */,
				C9F04E942173EDFA00BDD03E /* Resources */,
				C9F04ECB2173F8D100BDD03E /* Embed Frameworks */,
				C9C552BF217561AC00F43B34 /* Copy licenses */,
			);
			buildRules = (
			);
			dependencies = (
				C9F04ED32173F8E500BDD03E /* PBXTargetDependency */,
				C9F04F0D2174E18C00BDD03E /* PBXTargetDependency */,
				C9030B87217BA6C8001BDD69 /* PBXTargetDependency */,
			);
			name = Edidown;
			productName = Edidown;
			productReference = C9F04E962173EDFA00BDD03E /* Edidown.app */;
			productType = "com.apple.product-type.application";
		};
/* End PBXNativeTarget section */

/* Begin PBXProject section */
		C9F04E8E2173EDFA00BDD03E /* Project object */ = {
			isa = PBXProject;
			attributes = {
				LastSwiftUpdateCheck = 1000;
				LastUpgradeCheck = 1000;
				ORGANIZATIONNAME = "Adrian Labbe";
				TargetAttributes = {
					C9F04E952173EDFA00BDD03E = {
						CreatedOnToolsVersion = 10.0;
						SystemCapabilities = {
							com.apple.BackgroundModes = {
								enabled = 1;
							};
						};
					};
				};
			};
			buildConfigurationList = C9F04E912173EDFA00BDD03E /* Build configuration list for PBXProject "Edidown" */;
			compatibilityVersion = "Xcode 9.3";
			developmentRegion = en;
			hasScannedForEncodings = 0;
			knownRegions = (
				en,
				Base,
			);
			mainGroup = C9F04E8D2173EDFA00BDD03E;
			productRefGroup = C9F04E972173EDFA00BDD03E /* Products */;
			projectDirPath = "";
			projectReferences = (
				{
					ProductGroup = C9F04EB22173F43600BDD03E /* Products */;
					ProjectRef = C9F04EB12173F43600BDD03E /* Down.xcodeproj */;
				},
				{
					ProductGroup = C9030B6C217BA6B6001BDD69 /* Products */;
					ProjectRef = C9030B6B217BA6B6001BDD69 /* GCDWebServer.xcodeproj */;
				},
				{
					ProductGroup = C9F04F022174E17F00BDD03E /* Products */;
					ProjectRef = C9F04F012174E17F00BDD03E /* Highlightr.xcodeproj */;
				},
			);
			projectRoot = "";
			targets = (
				C9F04E952173EDFA00BDD03E /* Edidown */,
			);
		};
/* End PBXProject section */

/* Begin PBXReferenceProxy section */
		C9030B77217BA6B7001BDD69 /* GCDWebServer */ = {
			isa = PBXReferenceProxy;
			fileType = "compiled.mach-o.executable";
			path = GCDWebServer;
			remoteRef = C9030B76217BA6B7001BDD69 /* PBXContainerItemProxy */;
			sourceTree = BUILT_PRODUCTS_DIR;
		};
		C9030B79217BA6B7001BDD69 /* GCDWebServer.app */ = {
			isa = PBXReferenceProxy;
			fileType = wrapper.application;
			path = GCDWebServer.app;
			remoteRef = C9030B78217BA6B7001BDD69 /* PBXContainerItemProxy */;
			sourceTree = BUILT_PRODUCTS_DIR;
		};
		C9030B7B217BA6B7001BDD69 /* GCDWebServer.app */ = {
			isa = PBXReferenceProxy;
			fileType = wrapper.application;
			path = GCDWebServer.app;
			remoteRef = C9030B7A217BA6B7001BDD69 /* PBXContainerItemProxy */;
			sourceTree = BUILT_PRODUCTS_DIR;
		};
		C9030B7D217BA6B7001BDD69 /* GCDWebServers.framework */ = {
			isa = PBXReferenceProxy;
			fileType = wrapper.framework;
			path = GCDWebServers.framework;
			remoteRef = C9030B7C217BA6B7001BDD69 /* PBXContainerItemProxy */;
			sourceTree = BUILT_PRODUCTS_DIR;
		};
		C9030B7F217BA6B7001BDD69 /* GCDWebServers.framework */ = {
			isa = PBXReferenceProxy;
			fileType = wrapper.framework;
			path = GCDWebServers.framework;
			remoteRef = C9030B7E217BA6B7001BDD69 /* PBXContainerItemProxy */;
			sourceTree = BUILT_PRODUCTS_DIR;
		};
		C9030B81217BA6B7001BDD69 /* GCDWebServers.framework */ = {
			isa = PBXReferenceProxy;
			fileType = wrapper.framework;
			path = GCDWebServers.framework;
			remoteRef = C9030B80217BA6B7001BDD69 /* PBXContainerItemProxy */;
			sourceTree = BUILT_PRODUCTS_DIR;
		};
		C9030B83217BA6B7001BDD69 /* Tests.xctest */ = {
			isa = PBXReferenceProxy;
			fileType = wrapper.cfbundle;
			path = Tests.xctest;
			remoteRef = C9030B82217BA6B7001BDD69 /* PBXContainerItemProxy */;
			sourceTree = BUILT_PRODUCTS_DIR;
		};
		C9F04EB72173F43600BDD03E /* Down.framework */ = {
			isa = PBXReferenceProxy;
			fileType = wrapper.framework;
			path = Down.framework;
			remoteRef = C9F04EB62173F43600BDD03E /* PBXContainerItemProxy */;
			sourceTree = BUILT_PRODUCTS_DIR;
		};
		C9F04EB92173F43600BDD03E /* DownTests.xctest */ = {
			isa = PBXReferenceProxy;
			fileType = wrapper.cfbundle;
			path = DownTests.xctest;
			remoteRef = C9F04EB82173F43600BDD03E /* PBXContainerItemProxy */;
			sourceTree = BUILT_PRODUCTS_DIR;
		};
		C9F04F072174E18000BDD03E /* Highlightr.framework */ = {
			isa = PBXReferenceProxy;
			fileType = wrapper.framework;
			path = Highlightr.framework;
			remoteRef = C9F04F062174E18000BDD03E /* PBXContainerItemProxy */;
			sourceTree = BUILT_PRODUCTS_DIR;
		};
		C9F04F092174E18000BDD03E /* Highlightr.framework */ = {
			isa = PBXReferenceProxy;
			fileType = wrapper.framework;
			path = Highlightr.framework;
			remoteRef = C9F04F082174E18000BDD03E /* PBXContainerItemProxy */;
			sourceTree = BUILT_PRODUCTS_DIR;
		};
/* End PBXReferenceProxy section */

/* Begin PBXResourcesBuildPhase section */
		C9F04E942173EDFA00BDD03E /* Resources */ = {
			isa = PBXResourcesBuildPhase;
			buildActionMask = 2147483647;
			files = (
				C906D39E2222C55C00318ADF /* themes in Resources */,
				C943BD7722273F73007860A8 /* MathJax in Resources */,
				C93634D021BC6EEA00785AC8 /* langs.plist in Resources */,
				C9F04F192174EAF900BDD03E /* Templates in Resources */,
				C9F04F0F2174E66800BDD03E /* body.html in Resources */,
				C9F04EA82173EDFC00BDD03E /* LaunchScreen.storyboard in Resources */,
				C9F04F132174EAA900BDD03E /* Templates.plist in Resources */,
				C9F04EA52173EDFC00BDD03E /* Assets.xcassets in Resources */,
				C9F04EA32173EDFA00BDD03E /* Main.storyboard in Resources */,
				C9C552C32175621B00F43B34 /* Settings.bundle in Resources */,
				C9030B89217BB5FC001BDD69 /* index.md in Resources */,
			);
			runOnlyForDeploymentPostprocessing = 0;
		};
/* End PBXResourcesBuildPhase section */

/* Begin PBXShellScriptBuildPhase section */
		C9C552BF217561AC00F43B34 /* Copy licenses */ = {
			isa = PBXShellScriptBuildPhase;
			buildActionMask = 2147483647;
			files = (
			);
			inputFileListPaths = (
			);
			inputPaths = (
			);
			name = "Copy licenses";
			outputFileListPaths = (
			);
			outputPaths = (
			);
			runOnlyForDeploymentPostprocessing = 0;
			shellPath = /bin/sh;
			shellScript = "python credits/credits.py -s \"$SRCROOT\" -o \"$SRCROOT/Settings.bundle/Credits.plist\"\n";
		};
/* End PBXShellScriptBuildPhase section */

/* Begin PBXSourcesBuildPhase section */
		C9F04E922173EDFA00BDD03E /* Sources */ = {
			isa = PBXSourcesBuildPhase;
			buildActionMask = 2147483647;
			files = (
				C9F04EA02173EDFA00BDD03E /* Document.swift in Sources */,
				C906D38A2222BFA300318ADF /* Storage.swift in Sources */,
				C9EF7DF22175209B0055DFDF /* UIViewController+presentError.swift in Sources */,
				C9F04F112174E92900BDD03E /* TemplateChooserViewController.swift in Sources */,
				C9EF7DEC217512190055DFDF /* String+ranges.swift in Sources */,
				C906D38E2222BFA300318ADF /* Notepad-iOS.swift in Sources */,
				C987DCEC2175363E00889300 /* ParseMarkdown.swift in Sources */,
				C906D38F2222BFA300318ADF /* Extensions.swift in Sources */,
				C900D09F217CBF0F00E645A6 /* UIWindow+rootViewController.swift in Sources */,
				C9F04E9E2173EDFA00BDD03E /* DocumentViewController.swift in Sources */,
				C9F04E9C2173EDFA00BDD03E /* DocumentBrowserViewController.swift in Sources */,
				C906D38B2222BFA300318ADF /* UniversalTypes.swift in Sources */,
				C9EF7DE7217502E40055DFDF /* HeadersTableViewController.swift in Sources */,
				C906D38D2222BFA300318ADF /* Element.swift in Sources */,
				C9EF7DF0217518060055DFDF /* NSRange+toTextRange.swift in Sources */,
				C906D3922222BFA300318ADF /* Theme.swift in Sources */,
				C9030B2521794549001BDD69 /* JSHeadersTableViewController.swift in Sources */,
				C9F04E9A2173EDFA00BDD03E /* AppDelegate.swift in Sources */,
				C906D3902222BFA300318ADF /* Notepad-macOS.swift in Sources */,
				C9030B8B217BC34E001BDD69 /* WebServerManager.swift in Sources */,
				C94538A622270F2C0060DC66 /* SettingsManager.swift in Sources */,
				C906D3912222BFA300318ADF /* Style.swift in Sources */,
			);
			runOnlyForDeploymentPostprocessing = 0;
		};
/* End PBXSourcesBuildPhase section */

/* Begin PBXTargetDependency section */
		C9030B87217BA6C8001BDD69 /* PBXTargetDependency */ = {
			isa = PBXTargetDependency;
			name = "GCDWebServers (iOS)";
			targetProxy = C9030B86217BA6C8001BDD69 /* PBXContainerItemProxy */;
		};
		C9F04ED32173F8E500BDD03E /* PBXTargetDependency */ = {
			isa = PBXTargetDependency;
			name = Down;
			targetProxy = C9F04ED22173F8E500BDD03E /* PBXContainerItemProxy */;
		};
		C9F04F0D2174E18C00BDD03E /* PBXTargetDependency */ = {
			isa = PBXTargetDependency;
			name = "Highlightr-iOS";
			targetProxy = C9F04F0C2174E18C00BDD03E /* PBXContainerItemProxy */;
		};
/* End PBXTargetDependency section */

/* Begin PBXVariantGroup section */
		C9F04EA12173EDFA00BDD03E /* Main.storyboard */ = {
			isa = PBXVariantGroup;
			children = (
				C9F04EA22173EDFA00BDD03E /* Base */,
			);
			name = Main.storyboard;
			sourceTree = "<group>";
		};
		C9F04EA62173EDFC00BDD03E /* LaunchScreen.storyboard */ = {
			isa = PBXVariantGroup;
			children = (
				C9F04EA72173EDFC00BDD03E /* Base */,
			);
			name = LaunchScreen.storyboard;
			sourceTree = "<group>";
		};
/* End PBXVariantGroup section */

/* Begin XCBuildConfiguration section */
		C9F04EAA2173EDFC00BDD03E /* Debug */ = {
			isa = XCBuildConfiguration;
			buildSettings = {
				ALWAYS_SEARCH_USER_PATHS = NO;
				CLANG_ANALYZER_NONNULL = YES;
				CLANG_ANALYZER_NUMBER_OBJECT_CONVERSION = YES_AGGRESSIVE;
				CLANG_CXX_LANGUAGE_STANDARD = "gnu++14";
				CLANG_CXX_LIBRARY = "libc++";
				CLANG_ENABLE_MODULES = YES;
				CLANG_ENABLE_OBJC_ARC = YES;
				CLANG_ENABLE_OBJC_WEAK = YES;
				CLANG_WARN_BLOCK_CAPTURE_AUTORELEASING = YES;
				CLANG_WARN_BOOL_CONVERSION = YES;
				CLANG_WARN_COMMA = YES;
				CLANG_WARN_CONSTANT_CONVERSION = YES;
				CLANG_WARN_DEPRECATED_OBJC_IMPLEMENTATIONS = YES;
				CLANG_WARN_DIRECT_OBJC_ISA_USAGE = YES_ERROR;
				CLANG_WARN_DOCUMENTATION_COMMENTS = YES;
				CLANG_WARN_EMPTY_BODY = YES;
				CLANG_WARN_ENUM_CONVERSION = YES;
				CLANG_WARN_INFINITE_RECURSION = YES;
				CLANG_WARN_INT_CONVERSION = YES;
				CLANG_WARN_NON_LITERAL_NULL_CONVERSION = YES;
				CLANG_WARN_OBJC_IMPLICIT_RETAIN_SELF = YES;
				CLANG_WARN_OBJC_LITERAL_CONVERSION = YES;
				CLANG_WARN_OBJC_ROOT_CLASS = YES_ERROR;
				CLANG_WARN_RANGE_LOOP_ANALYSIS = YES;
				CLANG_WARN_STRICT_PROTOTYPES = YES;
				CLANG_WARN_SUSPICIOUS_MOVE = YES;
				CLANG_WARN_UNGUARDED_AVAILABILITY = YES_AGGRESSIVE;
				CLANG_WARN_UNREACHABLE_CODE = YES;
				CLANG_WARN__DUPLICATE_METHOD_MATCH = YES;
				CODE_SIGN_IDENTITY = "iPhone Developer";
				COPY_PHASE_STRIP = NO;
				DEBUG_INFORMATION_FORMAT = dwarf;
				ENABLE_STRICT_OBJC_MSGSEND = YES;
				ENABLE_TESTABILITY = YES;
				GCC_C_LANGUAGE_STANDARD = gnu11;
				GCC_DYNAMIC_NO_PIC = NO;
				GCC_NO_COMMON_BLOCKS = YES;
				GCC_OPTIMIZATION_LEVEL = 0;
				GCC_PREPROCESSOR_DEFINITIONS = (
					"DEBUG=1",
					"$(inherited)",
				);
				GCC_WARN_64_TO_32_BIT_CONVERSION = YES;
				GCC_WARN_ABOUT_RETURN_TYPE = YES_ERROR;
				GCC_WARN_UNDECLARED_SELECTOR = YES;
				GCC_WARN_UNINITIALIZED_AUTOS = YES_AGGRESSIVE;
				GCC_WARN_UNUSED_FUNCTION = YES;
				GCC_WARN_UNUSED_VARIABLE = YES;
				IPHONEOS_DEPLOYMENT_TARGET = 12.0;
				MTL_ENABLE_DEBUG_INFO = INCLUDE_SOURCE;
				MTL_FAST_MATH = YES;
				ONLY_ACTIVE_ARCH = YES;
				SDKROOT = iphoneos;
				SWIFT_ACTIVE_COMPILATION_CONDITIONS = DEBUG;
				SWIFT_OPTIMIZATION_LEVEL = "-Onone";
			};
			name = Debug;
		};
		C9F04EAB2173EDFC00BDD03E /* Release */ = {
			isa = XCBuildConfiguration;
			buildSettings = {
				ALWAYS_SEARCH_USER_PATHS = NO;
				CLANG_ANALYZER_NONNULL = YES;
				CLANG_ANALYZER_NUMBER_OBJECT_CONVERSION = YES_AGGRESSIVE;
				CLANG_CXX_LANGUAGE_STANDARD = "gnu++14";
				CLANG_CXX_LIBRARY = "libc++";
				CLANG_ENABLE_MODULES = YES;
				CLANG_ENABLE_OBJC_ARC = YES;
				CLANG_ENABLE_OBJC_WEAK = YES;
				CLANG_WARN_BLOCK_CAPTURE_AUTORELEASING = YES;
				CLANG_WARN_BOOL_CONVERSION = YES;
				CLANG_WARN_COMMA = YES;
				CLANG_WARN_CONSTANT_CONVERSION = YES;
				CLANG_WARN_DEPRECATED_OBJC_IMPLEMENTATIONS = YES;
				CLANG_WARN_DIRECT_OBJC_ISA_USAGE = YES_ERROR;
				CLANG_WARN_DOCUMENTATION_COMMENTS = YES;
				CLANG_WARN_EMPTY_BODY = YES;
				CLANG_WARN_ENUM_CONVERSION = YES;
				CLANG_WARN_INFINITE_RECURSION = YES;
				CLANG_WARN_INT_CONVERSION = YES;
				CLANG_WARN_NON_LITERAL_NULL_CONVERSION = YES;
				CLANG_WARN_OBJC_IMPLICIT_RETAIN_SELF = YES;
				CLANG_WARN_OBJC_LITERAL_CONVERSION = YES;
				CLANG_WARN_OBJC_ROOT_CLASS = YES_ERROR;
				CLANG_WARN_RANGE_LOOP_ANALYSIS = YES;
				CLANG_WARN_STRICT_PROTOTYPES = YES;
				CLANG_WARN_SUSPICIOUS_MOVE = YES;
				CLANG_WARN_UNGUARDED_AVAILABILITY = YES_AGGRESSIVE;
				CLANG_WARN_UNREACHABLE_CODE = YES;
				CLANG_WARN__DUPLICATE_METHOD_MATCH = YES;
				CODE_SIGN_IDENTITY = "iPhone Developer";
				COPY_PHASE_STRIP = NO;
				DEBUG_INFORMATION_FORMAT = "dwarf-with-dsym";
				ENABLE_NS_ASSERTIONS = NO;
				ENABLE_STRICT_OBJC_MSGSEND = YES;
				GCC_C_LANGUAGE_STANDARD = gnu11;
				GCC_NO_COMMON_BLOCKS = YES;
				GCC_WARN_64_TO_32_BIT_CONVERSION = YES;
				GCC_WARN_ABOUT_RETURN_TYPE = YES_ERROR;
				GCC_WARN_UNDECLARED_SELECTOR = YES;
				GCC_WARN_UNINITIALIZED_AUTOS = YES_AGGRESSIVE;
				GCC_WARN_UNUSED_FUNCTION = YES;
				GCC_WARN_UNUSED_VARIABLE = YES;
				IPHONEOS_DEPLOYMENT_TARGET = 12.0;
				MTL_ENABLE_DEBUG_INFO = NO;
				MTL_FAST_MATH = YES;
				SDKROOT = iphoneos;
				SWIFT_COMPILATION_MODE = wholemodule;
				SWIFT_OPTIMIZATION_LEVEL = "-O";
				VALIDATE_PRODUCT = YES;
			};
			name = Release;
		};
		C9F04EAD2173EDFC00BDD03E /* Debug */ = {
			isa = XCBuildConfiguration;
			buildSettings = {
				ALWAYS_EMBED_SWIFT_STANDARD_LIBRARIES = YES;
				ASSETCATALOG_COMPILER_APPICON_NAME = AppIcon;
				CODE_SIGN_STYLE = Automatic;
				DEVELOPMENT_TEAM = Y96PL6G497;
				INFOPLIST_FILE = Edidown/Info.plist;
				IPHONEOS_DEPLOYMENT_TARGET = 11.0;
				LD_RUNPATH_SEARCH_PATHS = (
					"$(inherited)",
					"@executable_path/Frameworks",
				);
				PRODUCT_BUNDLE_IDENTIFIER = ch.marcela.ada.Edidown;
				PRODUCT_NAME = "$(TARGET_NAME)";
				SWIFT_VERSION = 4.2;
				TARGETED_DEVICE_FAMILY = "1,2";
			};
			name = Debug;
		};
		C9F04EAE2173EDFC00BDD03E /* Release */ = {
			isa = XCBuildConfiguration;
			buildSettings = {
				ALWAYS_EMBED_SWIFT_STANDARD_LIBRARIES = YES;
				ASSETCATALOG_COMPILER_APPICON_NAME = AppIcon;
				CODE_SIGN_STYLE = Automatic;
				DEVELOPMENT_TEAM = Y96PL6G497;
				INFOPLIST_FILE = Edidown/Info.plist;
				IPHONEOS_DEPLOYMENT_TARGET = 11.0;
				LD_RUNPATH_SEARCH_PATHS = (
					"$(inherited)",
					"@executable_path/Frameworks",
				);
				PRODUCT_BUNDLE_IDENTIFIER = ch.marcela.ada.Edidown;
				PRODUCT_NAME = "$(TARGET_NAME)";
				SWIFT_VERSION = 4.2;
				TARGETED_DEVICE_FAMILY = "1,2";
			};
			name = Release;
		};
/* End XCBuildConfiguration section */

/* Begin XCConfigurationList section */
		C9F04E912173EDFA00BDD03E /* Build configuration list for PBXProject "Edidown" */ = {
			isa = XCConfigurationList;
			buildConfigurations = (
				C9F04EAA2173EDFC00BDD03E /* Debug */,
				C9F04EAB2173EDFC00BDD03E /* Release */,
			);
			defaultConfigurationIsVisible = 0;
			defaultConfigurationName = Release;
		};
		C9F04EAC2173EDFC00BDD03E /* Build configuration list for PBXNativeTarget "Edidown" */ = {
			isa = XCConfigurationList;
			buildConfigurations = (
				C9F04EAD2173EDFC00BDD03E /* Debug */,
				C9F04EAE2173EDFC00BDD03E /* Release */,
			);
			defaultConfigurationIsVisible = 0;
			defaultConfigurationName = Release;
		};
/* End XCConfigurationList section */
	};
	rootObject = C9F04E8E2173EDFA00BDD03E /* Project object */;
}
